{
  "requires": true,
  "lockfileVersion": 1,
  "dependencies": {
    "async-validator": {
      "version": "3.5.2",
      "resolved": "https://registry.nlark.com/async-validator/download/async-validator-3.5.2.tgz?cache=0&sync_timestamp=1619756044645&other_urls=https%3A%2F%2Fregistry.nlark.com%2Fasync-validator%2Fdownload%2Fasync-validator-3.5.2.tgz",
      "integrity": "sha1-aOhmqWgk6LJpT/eoMcGiXETV5QA="
    },
    "axios": {
      "version": "0.21.1",
      "resolved": "https://registry.npm.taobao.org/axios/download/axios-0.21.1.tgz",
      "integrity": "sha1-IlY0gZYvTWvemnbVFu8OXTwJsrg=",
      "requires": {
        "follow-redirects": "^1.10.0"
      }
    },
    "batch-processor": {
      "version": "1.0.0",
      "resolved": "https://registry.npm.taobao.org/batch-processor/download/batch-processor-1.0.0.tgz",
      "integrity": "sha1-dclcMrdI4IUNEMKxaPa9vpiRrOg="
    },
    "deepmerge": {
      "version": "2.2.1",
      "resolved": "https://registry.npm.taobao.org/deepmerge/download/deepmerge-2.2.1.tgz?cache=0&sync_timestamp=1606805746825&other_urls=https%3A%2F%2Fregistry.npm.taobao.org%2Fdeepmerge%2Fdownload%2Fdeepmerge-2.2.1.tgz",
      "integrity": "sha1-XT/yKgHAD2RUBaL7wX0HeKGAEXA="
    },
    "element-resize-detector": {
      "version": "1.2.2",
      "resolved": "https://registry.npm.taobao.org/element-resize-detector/download/element-resize-detector-1.2.2.tgz",
      "integrity": "sha1-v3w/+RWVfk5i6GJB7S+chrB4iSs=",
      "requires": {
        "batch-processor": "1.0.0"
      }
    },
    "follow-redirects": {
      "version": "1.14.1",
      "resolved": "https://registry.nlark.com/follow-redirects/download/follow-redirects-1.14.1.tgz?cache=0&sync_timestamp=1620555521328&other_urls=https%3A%2F%2Fregistry.nlark.com%2Ffollow-redirects%2Fdownload%2Ffollow-redirects-1.14.1.tgz",
      "integrity": "sha1-2RFN7Qoc/dM04WTmZirQK/2R/0M="
    },
    "js-calendar": {
      "version": "1.2.3",
      "resolved": "https://registry.npm.taobao.org/js-calendar/download/js-calendar-1.2.3.tgz",
      "integrity": "sha1-pYOwZEtOaVujlPNE0QPbzHp6fT4="
    },
    "lodash.throttle": {
      "version": "4.1.1",
      "resolved": "https://registry.nlark.com/lodash.throttle/download/lodash.throttle-4.1.1.tgz",
      "integrity": "sha1-wj6RtxAkKscMN/HhzaknTMOb8vQ="
    },
    "popper.js": {
      "version": "1.16.1",
      "resolved": "https://registry.npm.taobao.org/popper.js/download/popper.js-1.16.1.tgz",
      "integrity": "sha1-KiI8s9x7YhPXQOQDcr5A3kPmWxs="
    },
    "tinycolor2": {
      "version": "1.4.2",
      "resolved": "https://registry.npm.taobao.org/tinycolor2/download/tinycolor2-1.4.2.tgz",
      "integrity": "sha1-P2pNEHGtB2dtf6Ry4frECnGdiAM="
    },
    "v-click-outside-x": {
      "version": "3.7.1",
      "resolved": "https://registry.nlark.com/v-click-outside-x/download/v-click-outside-x-3.7.1.tgz",
      "integrity": "sha1-qgPqoOQeRMtSB9z4bC2fDdZAhME="
    },
    "view-design": {
      "version": "4.6.1",
      "resolved": "https://registry.nlark.com/view-design/download/view-design-4.6.1.tgz?cache=0&sync_timestamp=1623550673435&other_urls=https%3A%2F%2Fregistry.nlark.com%2Fview-design%2Fdownload%2Fview-design-4.6.1.tgz",
      "integrity": "sha1-usexB2Usxbd26QUA62gWuDoB3jk=",
      "requires": {
        "async-validator": "^3.3.0",
        "deepmerge": "^2.2.1",
        "element-resize-detector": "^1.2.0",
        "js-calendar": "^1.2.3",
        "lodash.throttle": "^4.1.1",
        "popper.js": "^1.14.6",
        "tinycolor2": "^1.4.1",
        "v-click-outside-x": "^3.7.1"
      }
    }
  }
}
